
Microsoft Visual Studio Solution File, Format Version 12.00
# TcXaeShell Solution File, Format Version 11.00
VisualStudioVersion = 15.0.33403.129
MinimumVisualStudioVersion = 10.0.40219.1
Project("{B1E792BE-AA5F-4E3C-8C82-674BF9C0715B}") = "MAXI", "MAXI\MAXI.tsproj", "{56397959-EDEA-4F25-B3DD-7E741DBACAEA}"
EndProject
Project("{FD9F1D59-E000-42F3-8744-88DE1BE93C06}") = "TwinCAT Scope - ADC Scope", "TwinCAT Measurement Project1\TwinCAT Scope - ADC Scope.tcmproj", "{B9626F0C-3204-4C79-8B86-94D860C2CDCB}"
EndProject
Global
	GlobalSection(SolutionConfigurationPlatforms) = preSolution
		Debug|TwinCAT CE7 (ARMV7) = Debug|TwinCAT CE7 (ARMV7)
		Debug|TwinCAT OS (ARMT2) = Debug|TwinCAT OS (ARMT2)
		Debug|TwinCAT RT (x64) = Debug|TwinCAT RT (x64)
		Debug|TwinCAT RT (x86) = Debug|TwinCAT RT (x86)
		Release|TwinCAT CE7 (ARMV7) = Release|TwinCAT CE7 (ARMV7)
		Release|TwinCAT OS (ARMT2) = Release|TwinCAT OS (ARMT2)
		Release|TwinCAT RT (x64) = Release|TwinCAT RT (x64)
		Release|TwinCAT RT (x86) = Release|TwinCAT RT (x86)
	EndGlobalSection
	GlobalSection(ProjectConfigurationPlatforms) = postSolution
		{56397959-EDEA-4F25-B3DD-7E741DBACAEA}.Debug|TwinCAT CE7 (ARMV7).ActiveCfg = Debug|TwinCAT CE7 (ARMV7)
		{56397959-EDEA-4F25-B3DD-7E741DBACAEA}.Debug|TwinCAT CE7 (ARMV7).Build.0 = Debug|TwinCAT CE7 (ARMV7)
		{56397959-EDEA-4F25-B3DD-7E741DBACAEA}.Debug|TwinCAT OS (ARMT2).ActiveCfg = Debug|TwinCAT OS (ARMT2)
		{56397959-EDEA-4F25-B3DD-7E741DBACAEA}.Debug|TwinCAT OS (ARMT2).Build.0 = Debug|TwinCAT OS (ARMT2)
		{56397959-EDEA-4F25-B3DD-7E741DBACAEA}.Debug|TwinCAT RT (x64).ActiveCfg = Debug|TwinCAT RT (x64)
		{56397959-EDEA-4F25-B3DD-7E741DBACAEA}.Debug|TwinCAT RT (x64).Build.0 = Debug|TwinCAT RT (x64)
		{56397959-EDEA-4F25-B3DD-7E741DBACAEA}.Debug|TwinCAT RT (x86).ActiveCfg = Debug|TwinCAT RT (x86)
		{56397959-EDEA-4F25-B3DD-7E741DBACAEA}.Debug|TwinCAT RT (x86).Build.0 = Debug|TwinCAT RT (x86)
		{56397959-EDEA-4F25-B3DD-7E741DBACAEA}.Release|TwinCAT CE7 (ARMV7).ActiveCfg = Release|TwinCAT CE7 (ARMV7)
		{56397959-EDEA-4F25-B3DD-7E741DBACAEA}.Release|TwinCAT CE7 (ARMV7).Build.0 = Release|TwinCAT CE7 (ARMV7)
		{56397959-EDEA-4F25-B3DD-7E741DBACAEA}.Release|TwinCAT OS (ARMT2).ActiveCfg = Release|TwinCAT OS (ARMT2)
		{56397959-EDEA-4F25-B3DD-7E741DBACAEA}.Release|TwinCAT OS (ARMT2).Build.0 = Release|TwinCAT OS (ARMT2)
		{56397959-EDEA-4F25-B3DD-7E741DBACAEA}.Release|TwinCAT RT (x64).ActiveCfg = Release|TwinCAT RT (x64)
		{56397959-EDEA-4F25-B3DD-7E741DBACAEA}.Release|TwinCAT RT (x64).Build.0 = Release|TwinCAT RT (x64)
		{56397959-EDEA-4F25-B3DD-7E741DBACAEA}.Release|TwinCAT RT (x86).ActiveCfg = Release|TwinCAT RT (x86)
		{56397959-EDEA-4F25-B3DD-7E741DBACAEA}.Release|TwinCAT RT (x86).Build.0 = Release|TwinCAT RT (x86)
		{D7858685-A17B-43B9-8C9D-389744EE726F}.Debug|TwinCAT CE7 (ARMV7).ActiveCfg = Debug|TwinCAT CE7 (ARMV7)
		{D7858685-A17B-43B9-8C9D-389744EE726F}.Debug|TwinCAT CE7 (ARMV7).Build.0 = Debug|TwinCAT CE7 (ARMV7)
		{D7858685-A17B-43B9-8C9D-389744EE726F}.Debug|TwinCAT OS (ARMT2).ActiveCfg = Debug|TwinCAT OS (ARMT2)
		{D7858685-A17B-43B9-8C9D-389744EE726F}.Debug|TwinCAT OS (ARMT2).Build.0 = Debug|TwinCAT OS (ARMT2)
		{D7858685-A17B-43B9-8C9D-389744EE726F}.Debug|TwinCAT RT (x64).ActiveCfg = Debug|TwinCAT RT (x64)
		{D7858685-A17B-43B9-8C9D-389744EE726F}.Debug|TwinCAT RT (x64).Build.0 = Debug|TwinCAT RT (x64)
		{D7858685-A17B-43B9-8C9D-389744EE726F}.Debug|TwinCAT RT (x86).ActiveCfg = Debug|TwinCAT RT (x86)
		{D7858685-A17B-43B9-8C9D-389744EE726F}.Debug|TwinCAT RT (x86).Build.0 = Debug|TwinCAT RT (x86)
		{D7858685-A17B-43B9-8C9D-389744EE726F}.Release|TwinCAT CE7 (ARMV7).ActiveCfg = Release|TwinCAT CE7 (ARMV7)
		{D7858685-A17B-43B9-8C9D-389744EE726F}.Release|TwinCAT CE7 (ARMV7).Build.0 = Release|TwinCAT CE7 (ARMV7)
		{D7858685-A17B-43B9-8C9D-389744EE726F}.Release|TwinCAT OS (ARMT2).ActiveCfg = Release|TwinCAT OS (ARMT2)
		{D7858685-A17B-43B9-8C9D-389744EE726F}.Release|TwinCAT OS (ARMT2).Build.0 = Release|TwinCAT OS (ARMT2)
		{D7858685-A17B-43B9-8C9D-389744EE726F}.Release|TwinCAT RT (x64).ActiveCfg = Release|TwinCAT RT (x64)
		{D7858685-A17B-43B9-8C9D-389744EE726F}.Release|TwinCAT RT (x64).Build.0 = Release|TwinCAT RT (x64)
		{D7858685-A17B-43B9-8C9D-389744EE726F}.Release|TwinCAT RT (x86).ActiveCfg = Release|TwinCAT RT (x86)
		{D7858685-A17B-43B9-8C9D-389744EE726F}.Release|TwinCAT RT (x86).Build.0 = Release|TwinCAT RT (x86)
		{B9626F0C-3204-4C79-8B86-94D860C2CDCB}.Debug|TwinCAT CE7 (ARMV7).ActiveCfg = Debug|TwinCAT CE7 (ARMV7)
		{B9626F0C-3204-4C79-8B86-94D860C2CDCB}.Debug|TwinCAT OS (ARMT2).ActiveCfg = Debug|TwinCAT OS (ARMT2)
		{B9626F0C-3204-4C79-8B86-94D860C2CDCB}.Debug|TwinCAT RT (x64).ActiveCfg = Debug|TwinCAT RT (x64)
		{B9626F0C-3204-4C79-8B86-94D860C2CDCB}.Debug|TwinCAT RT (x86).ActiveCfg = Debug|TwinCAT RT (x86)
		{B9626F0C-3204-4C79-8B86-94D860C2CDCB}.Release|TwinCAT CE7 (ARMV7).ActiveCfg = Release|TwinCAT CE7 (ARMV7)
		{B9626F0C-3204-4C79-8B86-94D860C2CDCB}.Release|TwinCAT OS (ARMT2).ActiveCfg = Release|TwinCAT OS (ARMT2)
		{B9626F0C-3204-4C79-8B86-94D860C2CDCB}.Release|TwinCAT RT (x64).ActiveCfg = Release|TwinCAT RT (x64)
		{B9626F0C-3204-4C79-8B86-94D860C2CDCB}.Release|TwinCAT RT (x86).ActiveCfg = Release|TwinCAT RT (x86)
	EndGlobalSection
	GlobalSection(SolutionProperties) = preSolution
		HideSolutionNode = FALSE
	EndGlobalSection
	GlobalSection(ExtensibilityGlobals) = postSolution
		SolutionGuid = {0B4C0E2E-1099-489D-9717-9569B68ECD14}
	EndGlobalSection
EndGlobal
